
Microsoft Visual Studio Solution File, Format Version 12.00
# Visual Studio 14
VisualStudioVersion = 14.0.25123.0
MinimumVisualStudioVersion = 10.0.40219.1
Project("{FAE04EC0-301F-11D3-BF4B-00C04F79EFBC}") = "UploadAndReadExcel", "UploadAndReadExcel\UploadAndReadExcel.csproj", "{0387C3C9-BA77-47A1-86F6-F610382A838B}"
EndProject
Global
	GlobalSection(SolutionConfigurationPlatforms) = preSolution
		Debug|Any CPU = Debug|Any CPU
		Release|Any CPU = Release|Any CPU
	EndGlobalSection
	GlobalSection(ProjectConfigurationPlatforms) = postSolution
		{0387C3C9-BA77-47A1-86F6-F610382A838B}.Debug|Any CPU.ActiveCfg = Debug|Any CPU
		{0387C3C9-BA77-47A1-86F6-F610382A838B}.Debug|Any CPU.Build.0 = Debug|Any CPU
		{0387C3C9-BA77-47A1-86F6-F610382A838B}.Release|Any CPU.ActiveCfg = Release|Any CPU
		{0387C3C9-BA77-47A1-86F6-F610382A838B}.Release|Any CPU.Build.0 = Release|Any CPU
	EndGlobalSection
	GlobalSection(SolutionProperties) = preSolution
		HideSolutionNode = FALSE
	EndGlobalSection
EndGlobal
